
Microsoft Visual Studio Solution File, Format Version 12.00
# Visual Studio Version 16
VisualStudioVersion = 16.0.31205.134
MinimumVisualStudioVersion = 10.0.40219.1
Project("{FAE04EC0-301F-11D3-BF4B-00C04F79EFBC}") = "Army_Hierarchy", "Army_Hierarchy\Army_Hierarchy.csproj", "{B9E257A2-8FBE-4365-B275-488EC15CB894}"
EndProject
Global
	GlobalSection(SolutionConfigurationPlatforms) = preSolution
		Debug|Any CPU = Debug|Any CPU
		Release|Any CPU = Release|Any CPU
	EndGlobalSection
	GlobalSection(ProjectConfigurationPlatforms) = postSolution
		{B9E257A2-8FBE-4365-B275-488EC15CB894}.Debug|Any CPU.ActiveCfg = Debug|Any CPU
		{B9E257A2-8FBE-4365-B275-488EC15CB894}.Debug|Any CPU.Build.0 = Debug|Any CPU
		{B9E257A2-8FBE-4365-B275-488EC15CB894}.Release|Any CPU.ActiveCfg = Release|Any CPU
		{B9E257A2-8FBE-4365-B275-488EC15CB894}.Release|Any CPU.Build.0 = Release|Any CPU
	EndGlobalSection
	GlobalSection(SolutionProperties) = preSolution
		HideSolutionNode = FALSE
	EndGlobalSection
	GlobalSection(ExtensibilityGlobals) = postSolution
		SolutionGuid = {C16CAE86-93B8-404F-8870-E4C0C1A3EE47}
	EndGlobalSection
EndGlobal
